
Microsoft Visual Studio Solution File, Format Version 12.00
# Visual Studio Version 17
VisualStudioVersion = 17.2.32526.322
MinimumVisualStudioVersion = 10.0.40219.1
Project("{FAE04EC0-301F-11D3-BF4B-00C04F79EFBC}") = "userManager", "userManager.csproj", "{7F6233C8-3CE9-4371-B14C-33B838E7D081}"
EndProject
Global
	GlobalSection(SolutionConfigurationPlatforms) = preSolution
		Debug|Any CPU = Debug|Any CPU
		Release|Any CPU = Release|Any CPU
	EndGlobalSection
	GlobalSection(ProjectConfigurationPlatforms) = postSolution
		{7F6233C8-3CE9-4371-B14C-33B838E7D081}.Debug|Any CPU.ActiveCfg = Debug|Any CPU
		{7F6233C8-3CE9-4371-B14C-33B838E7D081}.Debug|Any CPU.Build.0 = Debug|Any CPU
		{7F6233C8-3CE9-4371-B14C-33B838E7D081}.Release|Any CPU.ActiveCfg = Release|Any CPU
		{7F6233C8-3CE9-4371-B14C-33B838E7D081}.Release|Any CPU.Build.0 = Release|Any CPU
	EndGlobalSection
	GlobalSection(SolutionProperties) = preSolution
		HideSolutionNode = FALSE
	EndGlobalSection
	GlobalSection(ExtensibilityGlobals) = postSolution
		SolutionGuid = {514A5D65-70B0-4AA5-A6EC-F9EC90B8BE64}
	EndGlobalSection
EndGlobal
